
Microsoft Visual Studio Solution File, Format Version 12.00
# Visual Studio Version 16
VisualStudioVersion = 16.0.30330.147
MinimumVisualStudioVersion = 10.0.40219.1
Project("{FAE04EC0-301F-11D3-BF4B-00C04F79EFBC}") = "WindowsFormsApp1", "WindowsFormsApp1\WindowsFormsApp1.csproj", "{D6BB595A-9B44-438C-84B0-BEF6BEDD8F12}"
EndProject
Project("{FAE04EC0-301F-11D3-BF4B-00C04F79EFBC}") = "HelloWorld", "HelloWorld\HelloWorld.csproj", "{77E32810-280B-4964-94A9-8CFEA307D87C}"
EndProject
Global
	GlobalSection(SolutionConfigurationPlatforms) = preSolution
		Debug|Any CPU = Debug|Any CPU
		Release|Any CPU = Release|Any CPU
	EndGlobalSection
	GlobalSection(ProjectConfigurationPlatforms) = postSolution
		{D6BB595A-9B44-438C-84B0-BEF6BEDD8F12}.Debug|Any CPU.ActiveCfg = Debug|Any CPU
		{D6BB595A-9B44-438C-84B0-BEF6BEDD8F12}.Debug|Any CPU.Build.0 = Debug|Any CPU
		{D6BB595A-9B44-438C-84B0-BEF6BEDD8F12}.Release|Any CPU.ActiveCfg = Release|Any CPU
		{D6BB595A-9B44-438C-84B0-BEF6BEDD8F12}.Release|Any CPU.Build.0 = Release|Any CPU
		{77E32810-280B-4964-94A9-8CFEA307D87C}.Debug|Any CPU.ActiveCfg = Debug|Any CPU
		{77E32810-280B-4964-94A9-8CFEA307D87C}.Debug|Any CPU.Build.0 = Debug|Any CPU
		{77E32810-280B-4964-94A9-8CFEA307D87C}.Release|Any CPU.ActiveCfg = Release|Any CPU
		{77E32810-280B-4964-94A9-8CFEA307D87C}.Release|Any CPU.Build.0 = Release|Any CPU
	EndGlobalSection
	GlobalSection(SolutionProperties) = preSolution
		HideSolutionNode = FALSE
	EndGlobalSection
	GlobalSection(ExtensibilityGlobals) = postSolution
		SolutionGuid = {B9E9CDB6-8346-4426-A9BB-762346E3908E}
	EndGlobalSection
EndGlobal
